
Microsoft Visual Studio Solution File, Format Version 12.00
# Visual Studio 15
VisualStudioVersion = 15.0.27703.2035
MinimumVisualStudioVersion = 10.0.40219.1
Project("{FAE04EC0-301F-11D3-BF4B-00C04F79EFBC}") = "CICD2324", "CICD2324\CICD2324.csproj", "{830B1E01-53B6-4BBD-82ED-D20829E4C970}"
EndProject
Global
	GlobalSection(SolutionConfigurationPlatforms) = preSolution
		Debug|Any CPU = Debug|Any CPU
		Release|Any CPU = Release|Any CPU
	EndGlobalSection
	GlobalSection(ProjectConfigurationPlatforms) = postSolution
		{830B1E01-53B6-4BBD-82ED-D20829E4C970}.Debug|Any CPU.ActiveCfg = Debug|Any CPU
		{830B1E01-53B6-4BBD-82ED-D20829E4C970}.Debug|Any CPU.Build.0 = Debug|Any CPU
		{830B1E01-53B6-4BBD-82ED-D20829E4C970}.Release|Any CPU.ActiveCfg = Release|Any CPU
		{830B1E01-53B6-4BBD-82ED-D20829E4C970}.Release|Any CPU.Build.0 = Release|Any CPU
	EndGlobalSection
	GlobalSection(SolutionProperties) = preSolution
		HideSolutionNode = FALSE
	EndGlobalSection
	GlobalSection(ExtensibilityGlobals) = postSolution
		SolutionGuid = {C434416D-962A-4942-B905-694F20FFBD5E}
	EndGlobalSection
EndGlobal
